
Microsoft Visual Studio Solution File, Format Version 12.00
# Visual Studio 14
VisualStudioVersion = 14.0.23107.0
MinimumVisualStudioVersion = 10.0.40219.1
Project("{FAE04EC0-301F-11D3-BF4B-00C04F79EFBC}") = "App", "App\App.csproj", "{0F56670F-4CE5-4D55-8F38-DD2AE3205596}"
EndProject
Project("{FAE04EC0-301F-11D3-BF4B-00C04F79EFBC}") = "App.Test", "App.Test\App.Test.csproj", "{58053527-9A88-46A8-9998-52C26E5682CA}"
EndProject
Project("{2150E333-8FDC-42A3-9474-1A3956D46DE8}") = "Módulos", "Módulos", "{7E07334E-1CD3-4CD1-B29E-4E5778380265}"
EndProject
Project("{FAE04EC0-301F-11D3-BF4B-00C04F79EFBC}") = "ControleDePedido", "ControleDePedido\ControleDePedido.csproj", "{A3F4FF89-0592-4101-BF39-B8AD92729C20}"
EndProject
Project("{FAE04EC0-301F-11D3-BF4B-00C04F79EFBC}") = "ControleDeToppings", "Toppings\ControleDeToppings.csproj", "{BA4995B0-506F-4F0F-B5EB-876296E4C695}"
EndProject
Project("{FAE04EC0-301F-11D3-BF4B-00C04F79EFBC}") = "ControleDeEntrega", "ControleDeEntrega\ControleDeEntrega.csproj", "{06F558FE-D490-45C2-9177-1B8D2E99EE8D}"
EndProject
Project("{FAE04EC0-301F-11D3-BF4B-00C04F79EFBC}") = "ControleDeLimpeza", "ControleDeLimpeza\ControleDeLimpeza.csproj", "{B702A99F-46E7-4C8B-85D5-CEE92C10A5E0}"
EndProject
Project("{FAE04EC0-301F-11D3-BF4B-00C04F79EFBC}") = "ControleDeMassa", "ControleDeMassa\ControleDeMassa.csproj", "{2ED9C62D-4A05-46EB-99CF-9AC5AB3A9934}"
EndProject
Project("{FAE04EC0-301F-11D3-BF4B-00C04F79EFBC}") = "ControleDeAlimentos", "ControleDeAlimentos\ControleDeAlimentos.csproj", "{EC546076-6B59-4FAA-A1F9-5FE6FA0E14D7}"
EndProject
Project("{FAE04EC0-301F-11D3-BF4B-00C04F79EFBC}") = "Launcher", "Launcher\Launcher.csproj", "{792677E2-43C3-42F6-A919-F2BE8CEB0D02}"
EndProject
Global
	GlobalSection(SolutionConfigurationPlatforms) = preSolution
		Debug|Any CPU = Debug|Any CPU
		Debug|ARM = Debug|ARM
		Debug|x64 = Debug|x64
		Debug|x86 = Debug|x86
		Release|Any CPU = Release|Any CPU
		Release|ARM = Release|ARM
		Release|x64 = Release|x64
		Release|x86 = Release|x86
	EndGlobalSection
	GlobalSection(ProjectConfigurationPlatforms) = postSolution
		{0F56670F-4CE5-4D55-8F38-DD2AE3205596}.Debug|Any CPU.ActiveCfg = Debug|Any CPU
		{0F56670F-4CE5-4D55-8F38-DD2AE3205596}.Debug|Any CPU.Build.0 = Debug|Any CPU
		{0F56670F-4CE5-4D55-8F38-DD2AE3205596}.Debug|ARM.ActiveCfg = Debug|Any CPU
		{0F56670F-4CE5-4D55-8F38-DD2AE3205596}.Debug|ARM.Build.0 = Debug|Any CPU
		{0F56670F-4CE5-4D55-8F38-DD2AE3205596}.Debug|x64.ActiveCfg = Debug|Any CPU
		{0F56670F-4CE5-4D55-8F38-DD2AE3205596}.Debug|x64.Build.0 = Debug|Any CPU
		{0F56670F-4CE5-4D55-8F38-DD2AE3205596}.Debug|x86.ActiveCfg = Debug|Any CPU
		{0F56670F-4CE5-4D55-8F38-DD2AE3205596}.Debug|x86.Build.0 = Debug|Any CPU
		{0F56670F-4CE5-4D55-8F38-DD2AE3205596}.Release|Any CPU.ActiveCfg = Release|Any CPU
		{0F56670F-4CE5-4D55-8F38-DD2AE3205596}.Release|Any CPU.Build.0 = Release|Any CPU
		{0F56670F-4CE5-4D55-8F38-DD2AE3205596}.Release|ARM.ActiveCfg = Release|Any CPU
		{0F56670F-4CE5-4D55-8F38-DD2AE3205596}.Release|ARM.Build.0 = Release|Any CPU
		{0F56670F-4CE5-4D55-8F38-DD2AE3205596}.Release|x64.ActiveCfg = Release|Any CPU
		{0F56670F-4CE5-4D55-8F38-DD2AE3205596}.Release|x64.Build.0 = Release|Any CPU
		{0F56670F-4CE5-4D55-8F38-DD2AE3205596}.Release|x86.ActiveCfg = Release|Any CPU
		{0F56670F-4CE5-4D55-8F38-DD2AE3205596}.Release|x86.Build.0 = Release|Any CPU
		{58053527-9A88-46A8-9998-52C26E5682CA}.Debug|Any CPU.ActiveCfg = Debug|Any CPU
		{58053527-9A88-46A8-9998-52C26E5682CA}.Debug|Any CPU.Build.0 = Debug|Any CPU
		{58053527-9A88-46A8-9998-52C26E5682CA}.Debug|ARM.ActiveCfg = Debug|Any CPU
		{58053527-9A88-46A8-9998-52C26E5682CA}.Debug|ARM.Build.0 = Debug|Any CPU
		{58053527-9A88-46A8-9998-52C26E5682CA}.Debug|x64.ActiveCfg = Debug|Any CPU
		{58053527-9A88-46A8-9998-52C26E5682CA}.Debug|x64.Build.0 = Debug|Any CPU
		{58053527-9A88-46A8-9998-52C26E5682CA}.Debug|x86.ActiveCfg = Debug|Any CPU
		{58053527-9A88-46A8-9998-52C26E5682CA}.Debug|x86.Build.0 = Debug|Any CPU
		{58053527-9A88-46A8-9998-52C26E5682CA}.Release|Any CPU.ActiveCfg = Release|Any CPU
		{58053527-9A88-46A8-9998-52C26E5682CA}.Release|Any CPU.Build.0 = Release|Any CPU
		{58053527-9A88-46A8-9998-52C26E5682CA}.Release|ARM.ActiveCfg = Release|Any CPU
		{58053527-9A88-46A8-9998-52C26E5682CA}.Release|ARM.Build.0 = Release|Any CPU
		{58053527-9A88-46A8-9998-52C26E5682CA}.Release|x64.ActiveCfg = Release|Any CPU
		{58053527-9A88-46A8-9998-52C26E5682CA}.Release|x64.Build.0 = Release|Any CPU
		{58053527-9A88-46A8-9998-52C26E5682CA}.Release|x86.ActiveCfg = Release|Any CPU
		{58053527-9A88-46A8-9998-52C26E5682CA}.Release|x86.Build.0 = Release|Any CPU
		{A3F4FF89-0592-4101-BF39-B8AD92729C20}.Debug|Any CPU.ActiveCfg = Debug|Any CPU
		{A3F4FF89-0592-4101-BF39-B8AD92729C20}.Debug|Any CPU.Build.0 = Debug|Any CPU
		{A3F4FF89-0592-4101-BF39-B8AD92729C20}.Debug|ARM.ActiveCfg = Debug|Any CPU
		{A3F4FF89-0592-4101-BF39-B8AD92729C20}.Debug|ARM.Build.0 = Debug|Any CPU
		{A3F4FF89-0592-4101-BF39-B8AD92729C20}.Debug|x64.ActiveCfg = Debug|Any CPU
		{A3F4FF89-0592-4101-BF39-B8AD92729C20}.Debug|x64.Build.0 = Debug|Any CPU
		{A3F4FF89-0592-4101-BF39-B8AD92729C20}.Debug|x86.ActiveCfg = Debug|Any CPU
		{A3F4FF89-0592-4101-BF39-B8AD92729C20}.Debug|x86.Build.0 = Debug|Any CPU
		{A3F4FF89-0592-4101-BF39-B8AD92729C20}.Release|Any CPU.ActiveCfg = Release|Any CPU
		{A3F4FF89-0592-4101-BF39-B8AD92729C20}.Release|Any CPU.Build.0 = Release|Any CPU
		{A3F4FF89-0592-4101-BF39-B8AD92729C20}.Release|ARM.ActiveCfg = Release|Any CPU
		{A3F4FF89-0592-4101-BF39-B8AD92729C20}.Release|ARM.Build.0 = Release|Any CPU
		{A3F4FF89-0592-4101-BF39-B8AD92729C20}.Release|x64.ActiveCfg = Release|Any CPU
		{A3F4FF89-0592-4101-BF39-B8AD92729C20}.Release|x64.Build.0 = Release|Any CPU
		{A3F4FF89-0592-4101-BF39-B8AD92729C20}.Release|x86.ActiveCfg = Release|Any CPU
		{A3F4FF89-0592-4101-BF39-B8AD92729C20}.Release|x86.Build.0 = Release|Any CPU
		{BA4995B0-506F-4F0F-B5EB-876296E4C695}.Debug|Any CPU.ActiveCfg = Debug|Any CPU
		{BA4995B0-506F-4F0F-B5EB-876296E4C695}.Debug|Any CPU.Build.0 = Debug|Any CPU
		{BA4995B0-506F-4F0F-B5EB-876296E4C695}.Debug|ARM.ActiveCfg = Debug|Any CPU
		{BA4995B0-506F-4F0F-B5EB-876296E4C695}.Debug|ARM.Build.0 = Debug|Any CPU
		{BA4995B0-506F-4F0F-B5EB-876296E4C695}.Debug|x64.ActiveCfg = Debug|Any CPU
		{BA4995B0-506F-4F0F-B5EB-876296E4C695}.Debug|x64.Build.0 = Debug|Any CPU
		{BA4995B0-506F-4F0F-B5EB-876296E4C695}.Debug|x86.ActiveCfg = Debug|Any CPU
		{BA4995B0-506F-4F0F-B5EB-876296E4C695}.Debug|x86.Build.0 = Debug|Any CPU
		{BA4995B0-506F-4F0F-B5EB-876296E4C695}.Release|Any CPU.ActiveCfg = Release|Any CPU
		{BA4995B0-506F-4F0F-B5EB-876296E4C695}.Release|Any CPU.Build.0 = Release|Any CPU
		{BA4995B0-506F-4F0F-B5EB-876296E4C695}.Release|ARM.ActiveCfg = Release|Any CPU
		{BA4995B0-506F-4F0F-B5EB-876296E4C695}.Release|ARM.Build.0 = Release|Any CPU
		{BA4995B0-506F-4F0F-B5EB-876296E4C695}.Release|x64.ActiveCfg = Release|Any CPU
		{BA4995B0-506F-4F0F-B5EB-876296E4C695}.Release|x64.Build.0 = Release|Any CPU
		{BA4995B0-506F-4F0F-B5EB-876296E4C695}.Release|x86.ActiveCfg = Release|Any CPU
		{BA4995B0-506F-4F0F-B5EB-876296E4C695}.Release|x86.Build.0 = Release|Any CPU
		{06F558FE-D490-45C2-9177-1B8D2E99EE8D}.Debug|Any CPU.ActiveCfg = Debug|Any CPU
		{06F558FE-D490-45C2-9177-1B8D2E99EE8D}.Debug|Any CPU.Build.0 = Debug|Any CPU
		{06F558FE-D490-45C2-9177-1B8D2E99EE8D}.Debug|ARM.ActiveCfg = Debug|Any CPU
		{06F558FE-D490-45C2-9177-1B8D2E99EE8D}.Debug|ARM.Build.0 = Debug|Any CPU
		{06F558FE-D490-45C2-9177-1B8D2E99EE8D}.Debug|x64.ActiveCfg = Debug|Any CPU
		{06F558FE-D490-45C2-9177-1B8D2E99EE8D}.Debug|x64.Build.0 = Debug|Any CPU
		{06F558FE-D490-45C2-9177-1B8D2E99EE8D}.Debug|x86.ActiveCfg = Debug|Any CPU
		{06F558FE-D490-45C2-9177-1B8D2E99EE8D}.Debug|x86.Build.0 = Debug|Any CPU
		{06F558FE-D490-45C2-9177-1B8D2E99EE8D}.Release|Any CPU.ActiveCfg = Release|Any CPU
		{06F558FE-D490-45C2-9177-1B8D2E99EE8D}.Release|Any CPU.Build.0 = Release|Any CPU
		{06F558FE-D490-45C2-9177-1B8D2E99EE8D}.Release|ARM.ActiveCfg = Release|Any CPU
		{06F558FE-D490-45C2-9177-1B8D2E99EE8D}.Release|ARM.Build.0 = Release|Any CPU
		{06F558FE-D490-45C2-9177-1B8D2E99EE8D}.Release|x64.ActiveCfg = Release|Any CPU
		{06F558FE-D490-45C2-9177-1B8D2E99EE8D}.Release|x64.Build.0 = Release|Any CPU
		{06F558FE-D490-45C2-9177-1B8D2E99EE8D}.Release|x86.ActiveCfg = Release|Any CPU
		{06F558FE-D490-45C2-9177-1B8D2E99EE8D}.Release|x86.Build.0 = Release|Any CPU
		{B702A99F-46E7-4C8B-85D5-CEE92C10A5E0}.Debug|Any CPU.ActiveCfg = Debug|Any CPU
		{B702A99F-46E7-4C8B-85D5-CEE92C10A5E0}.Debug|Any CPU.Build.0 = Debug|Any CPU
		{B702A99F-46E7-4C8B-85D5-CEE92C10A5E0}.Debug|ARM.ActiveCfg = Debug|Any CPU
		{B702A99F-46E7-4C8B-85D5-CEE92C10A5E0}.Debug|ARM.Build.0 = Debug|Any CPU
		{B702A99F-46E7-4C8B-85D5-CEE92C10A5E0}.Debug|x64.ActiveCfg = Debug|Any CPU
		{B702A99F-46E7-4C8B-85D5-CEE92C10A5E0}.Debug|x64.Build.0 = Debug|Any CPU
		{B702A99F-46E7-4C8B-85D5-CEE92C10A5E0}.Debug|x86.ActiveCfg = Debug|Any CPU
		{B702A99F-46E7-4C8B-85D5-CEE92C10A5E0}.Debug|x86.Build.0 = Debug|Any CPU
		{B702A99F-46E7-4C8B-85D5-CEE92C10A5E0}.Release|Any CPU.ActiveCfg = Release|Any CPU
		{B702A99F-46E7-4C8B-85D5-CEE92C10A5E0}.Release|Any CPU.Build.0 = Release|Any CPU
		{B702A99F-46E7-4C8B-85D5-CEE92C10A5E0}.Release|ARM.ActiveCfg = Release|Any CPU
		{B702A99F-46E7-4C8B-85D5-CEE92C10A5E0}.Release|ARM.Build.0 = Release|Any CPU
		{B702A99F-46E7-4C8B-85D5-CEE92C10A5E0}.Release|x64.ActiveCfg = Release|Any CPU
		{B702A99F-46E7-4C8B-85D5-CEE92C10A5E0}.Release|x64.Build.0 = Release|Any CPU
		{B702A99F-46E7-4C8B-85D5-CEE92C10A5E0}.Release|x86.ActiveCfg = Release|Any CPU
		{B702A99F-46E7-4C8B-85D5-CEE92C10A5E0}.Release|x86.Build.0 = Release|Any CPU
		{2ED9C62D-4A05-46EB-99CF-9AC5AB3A9934}.Debug|Any CPU.ActiveCfg = Debug|Any CPU
		{2ED9C62D-4A05-46EB-99CF-9AC5AB3A9934}.Debug|Any CPU.Build.0 = Debug|Any CPU
		{2ED9C62D-4A05-46EB-99CF-9AC5AB3A9934}.Debug|ARM.ActiveCfg = Debug|Any CPU
		{2ED9C62D-4A05-46EB-99CF-9AC5AB3A9934}.Debug|ARM.Build.0 = Debug|Any CPU
		{2ED9C62D-4A05-46EB-99CF-9AC5AB3A9934}.Debug|x64.ActiveCfg = Debug|Any CPU
		{2ED9C62D-4A05-46EB-99CF-9AC5AB3A9934}.Debug|x64.Build.0 = Debug|Any CPU
		{2ED9C62D-4A05-46EB-99CF-9AC5AB3A9934}.Debug|x86.ActiveCfg = Debug|Any CPU
		{2ED9C62D-4A05-46EB-99CF-9AC5AB3A9934}.Debug|x86.Build.0 = Debug|Any CPU
		{2ED9C62D-4A05-46EB-99CF-9AC5AB3A9934}.Release|Any CPU.ActiveCfg = Release|Any CPU
		{2ED9C62D-4A05-46EB-99CF-9AC5AB3A9934}.Release|Any CPU.Build.0 = Release|Any CPU
		{2ED9C62D-4A05-46EB-99CF-9AC5AB3A9934}.Release|ARM.ActiveCfg = Release|Any CPU
		{2ED9C62D-4A05-46EB-99CF-9AC5AB3A9934}.Release|ARM.Build.0 = Release|Any CPU
		{2ED9C62D-4A05-46EB-99CF-9AC5AB3A9934}.Release|x64.ActiveCfg = Release|Any CPU
		{2ED9C62D-4A05-46EB-99CF-9AC5AB3A9934}.Release|x64.Build.0 = Release|Any CPU
		{2ED9C62D-4A05-46EB-99CF-9AC5AB3A9934}.Release|x86.ActiveCfg = Release|Any CPU
		{2ED9C62D-4A05-46EB-99CF-9AC5AB3A9934}.Release|x86.Build.0 = Release|Any CPU
		{EC546076-6B59-4FAA-A1F9-5FE6FA0E14D7}.Debug|Any CPU.ActiveCfg = Debug|Any CPU
		{EC546076-6B59-4FAA-A1F9-5FE6FA0E14D7}.Debug|Any CPU.Build.0 = Debug|Any CPU
		{EC546076-6B59-4FAA-A1F9-5FE6FA0E14D7}.Debug|ARM.ActiveCfg = Debug|Any CPU
		{EC546076-6B59-4FAA-A1F9-5FE6FA0E14D7}.Debug|ARM.Build.0 = Debug|Any CPU
		{EC546076-6B59-4FAA-A1F9-5FE6FA0E14D7}.Debug|x64.ActiveCfg = Debug|Any CPU
		{EC546076-6B59-4FAA-A1F9-5FE6FA0E14D7}.Debug|x64.Build.0 = Debug|Any CPU
		{EC546076-6B59-4FAA-A1F9-5FE6FA0E14D7}.Debug|x86.ActiveCfg = Debug|Any CPU
		{EC546076-6B59-4FAA-A1F9-5FE6FA0E14D7}.Debug|x86.Build.0 = Debug|Any CPU
		{EC546076-6B59-4FAA-A1F9-5FE6FA0E14D7}.Release|Any CPU.ActiveCfg = Release|Any CPU
		{EC546076-6B59-4FAA-A1F9-5FE6FA0E14D7}.Release|Any CPU.Build.0 = Release|Any CPU
		{EC546076-6B59-4FAA-A1F9-5FE6FA0E14D7}.Release|ARM.ActiveCfg = Release|Any CPU
		{EC546076-6B59-4FAA-A1F9-5FE6FA0E14D7}.Release|ARM.Build.0 = Release|Any CPU
		{EC546076-6B59-4FAA-A1F9-5FE6FA0E14D7}.Release|x64.ActiveCfg = Release|Any CPU
		{EC546076-6B59-4FAA-A1F9-5FE6FA0E14D7}.Release|x64.Build.0 = Release|Any CPU
		{EC546076-6B59-4FAA-A1F9-5FE6FA0E14D7}.Release|x86.ActiveCfg = Release|Any CPU
		{EC546076-6B59-4FAA-A1F9-5FE6FA0E14D7}.Release|x86.Build.0 = Release|Any CPU
		{792677E2-43C3-42F6-A919-F2BE8CEB0D02}.Debug|Any CPU.ActiveCfg = Debug|Any CPU
		{792677E2-43C3-42F6-A919-F2BE8CEB0D02}.Debug|Any CPU.Build.0 = Debug|Any CPU
		{792677E2-43C3-42F6-A919-F2BE8CEB0D02}.Debug|ARM.ActiveCfg = Debug|Any CPU
		{792677E2-43C3-42F6-A919-F2BE8CEB0D02}.Debug|ARM.Build.0 = Debug|Any CPU
		{792677E2-43C3-42F6-A919-F2BE8CEB0D02}.Debug|x64.ActiveCfg = Debug|Any CPU
		{792677E2-43C3-42F6-A919-F2BE8CEB0D02}.Debug|x64.Build.0 = Debug|Any CPU
		{792677E2-43C3-42F6-A919-F2BE8CEB0D02}.Debug|x86.ActiveCfg = Debug|Any CPU
		{792677E2-43C3-42F6-A919-F2BE8CEB0D02}.Debug|x86.Build.0 = Debug|Any CPU
		{792677E2-43C3-42F6-A919-F2BE8CEB0D02}.Release|Any CPU.ActiveCfg = Release|Any CPU
		{792677E2-43C3-42F6-A919-F2BE8CEB0D02}.Release|Any CPU.Build.0 = Release|Any CPU
		{792677E2-43C3-42F6-A919-F2BE8CEB0D02}.Release|ARM.ActiveCfg = Release|Any CPU
		{792677E2-43C3-42F6-A919-F2BE8CEB0D02}.Release|ARM.Build.0 = Release|Any CPU
		{792677E2-43C3-42F6-A919-F2BE8CEB0D02}.Release|x64.ActiveCfg = Release|Any CPU
		{792677E2-43C3-42F6-A919-F2BE8CEB0D02}.Release|x64.Build.0 = Release|Any CPU
		{792677E2-43C3-42F6-A919-F2BE8CEB0D02}.Release|x86.ActiveCfg = Release|Any CPU
		{792677E2-43C3-42F6-A919-F2BE8CEB0D02}.Release|x86.Build.0 = Release|Any CPU
	EndGlobalSection
	GlobalSection(SolutionProperties) = preSolution
		HideSolutionNode = FALSE
	EndGlobalSection
	GlobalSection(NestedProjects) = preSolution
		{A3F4FF89-0592-4101-BF39-B8AD92729C20} = {7E07334E-1CD3-4CD1-B29E-4E5778380265}
		{BA4995B0-506F-4F0F-B5EB-876296E4C695} = {7E07334E-1CD3-4CD1-B29E-4E5778380265}
		{06F558FE-D490-45C2-9177-1B8D2E99EE8D} = {7E07334E-1CD3-4CD1-B29E-4E5778380265}
		{B702A99F-46E7-4C8B-85D5-CEE92C10A5E0} = {7E07334E-1CD3-4CD1-B29E-4E5778380265}
		{2ED9C62D-4A05-46EB-99CF-9AC5AB3A9934} = {7E07334E-1CD3-4CD1-B29E-4E5778380265}
		{EC546076-6B59-4FAA-A1F9-5FE6FA0E14D7} = {7E07334E-1CD3-4CD1-B29E-4E5778380265}
		{792677E2-43C3-42F6-A919-F2BE8CEB0D02} = {7E07334E-1CD3-4CD1-B29E-4E5778380265}
	EndGlobalSection
EndGlobal
